
Microsoft Visual Studio Solution File, Format Version 12.00
# Visual Studio Version 16
VisualStudioVersion = 16.0.31105.61
MinimumVisualStudioVersion = 10.0.40219.1
Project("{FAE04EC0-301F-11D3-BF4B-00C04F79EFBC}") = "Student database management", "Student database management.csproj", "{7D9FC0C1-5459-4447-83BA-608E070847A3}"
EndProject
Global
	GlobalSection(SolutionConfigurationPlatforms) = preSolution
		Debug|Any CPU = Debug|Any CPU
		Release|Any CPU = Release|Any CPU
	EndGlobalSection
	GlobalSection(ProjectConfigurationPlatforms) = postSolution
		{7D9FC0C1-5459-4447-83BA-608E070847A3}.Debug|Any CPU.ActiveCfg = Debug|Any CPU
		{7D9FC0C1-5459-4447-83BA-608E070847A3}.Debug|Any CPU.Build.0 = Debug|Any CPU
		{7D9FC0C1-5459-4447-83BA-608E070847A3}.Release|Any CPU.ActiveCfg = Release|Any CPU
		{7D9FC0C1-5459-4447-83BA-608E070847A3}.Release|Any CPU.Build.0 = Release|Any CPU
	EndGlobalSection
	GlobalSection(SolutionProperties) = preSolution
		HideSolutionNode = FALSE
	EndGlobalSection
	GlobalSection(ExtensibilityGlobals) = postSolution
		SolutionGuid = {264D471C-DC03-46F3-9991-DB23BB566E1B}
	EndGlobalSection
EndGlobal
